
Microsoft Visual Studio Solution File, Format Version 12.00
# Visual Studio Version 16
VisualStudioVersion = 16.0.31321.278
MinimumVisualStudioVersion = 10.0.40219.1
Project("{9A19103F-16F7-4668-BE54-9A1E7A4F7556}") = "Lightwind.Core", "Lightwind.Core.csproj", "{6E5C6F83-E5C9-4CDB-9666-065E2924F32C}"
EndProject
Project("{2150E333-8FDC-42A3-9474-1A3956D46DE8}") = "Solution Items", "Solution Items", "{5E49E9B2-D541-45E1-81EF-008B7E05D824}"
	ProjectSection(SolutionItems) = preProject
		.editorconfig = .editorconfig
	EndProjectSection
EndProject
Global
	GlobalSection(SolutionConfigurationPlatforms) = preSolution
		Debug|Any CPU = Debug|Any CPU
		Release|Any CPU = Release|Any CPU
	EndGlobalSection
	GlobalSection(ProjectConfigurationPlatforms) = postSolution
		{6E5C6F83-E5C9-4CDB-9666-065E2924F32C}.Debug|Any CPU.ActiveCfg = Debug|Any CPU
		{6E5C6F83-E5C9-4CDB-9666-065E2924F32C}.Debug|Any CPU.Build.0 = Debug|Any CPU
		{6E5C6F83-E5C9-4CDB-9666-065E2924F32C}.Release|Any CPU.ActiveCfg = Release|Any CPU
		{6E5C6F83-E5C9-4CDB-9666-065E2924F32C}.Release|Any CPU.Build.0 = Release|Any CPU
	EndGlobalSection
	GlobalSection(SolutionProperties) = preSolution
		HideSolutionNode = FALSE
	EndGlobalSection
	GlobalSection(ExtensibilityGlobals) = postSolution
		SolutionGuid = {77C814AF-EE40-4592-BFE9-20C85B3ED19A}
	EndGlobalSection
EndGlobal
